// !$*UTF8*$!
{
	archiveVersion = 1;
	classes = {
	};
	objectVersion = 46;
	objects = {

/* Begin PBXBuildFile section */
		AADCBA551B8175CF004A76CB /* compute_asift_keypoints.cpp in Sources */ = {isa = PBXBuildFile; fileRef = AADCBA4E1B8175CF004A76CB /* compute_asift_keypoints.cpp */; };
		AADCBA561B8175CF004A76CB /* compute_asift_matches.cpp in Sources */ = {isa = PBXBuildFile; fileRef = AADCBA501B8175CF004A76CB /* compute_asift_matches.cpp */; };
		AADCBA571B8175CF004A76CB /* demo_ASIFT.cpp in Sources */ = {isa = PBXBuildFile; fileRef = AADCBA521B8175CF004A76CB /* demo_ASIFT.cpp */; };
		AADCBA581B8175CF004A76CB /* demo_lib_sift.cpp in Sources */ = {isa = PBXBuildFile; fileRef = AADCBA531B8175CF004A76CB /* demo_lib_sift.cpp */; };
/* End PBXBuildFile section */

/* Begin PBXCopyFilesBuildPhase section */
		AADCBA411B8174DA004A76CB /* CopyFiles */ = {
			isa = PBXCopyFilesBuildPhase;
			buildActionMask = 2147483647;
			dstPath = /usr/share/man/man1/;
			dstSubfolderSpec = 0;
			files = (
			);
			runOnlyForDeploymentPostprocessing = 1;
		};
/* End PBXCopyFilesBuildPhase section */

/* Begin PBXFileReference section */
		AADCBA431B8174DA004A76CB /* ASIFT */ = {isa = PBXFileReference; explicitFileType = "compiled.mach-o.executable"; includeInIndex = 0; path = ASIFT; sourceTree = BUILT_PRODUCTS_DIR; };
		AADCBA4E1B8175CF004A76CB /* compute_asift_keypoints.cpp */ = {isa = PBXFileReference; fileEncoding = 4; lastKnownFileType = sourcecode.cpp.cpp; path = compute_asift_keypoints.cpp; sourceTree = "<group>"; };
		AADCBA4F1B8175CF004A76CB /* compute_asift_keypoints.h */ = {isa = PBXFileReference; fileEncoding = 4; lastKnownFileType = sourcecode.c.h; path = compute_asift_keypoints.h; sourceTree = "<group>"; };
		AADCBA501B8175CF004A76CB /* compute_asift_matches.cpp */ = {isa = PBXFileReference; fileEncoding = 4; lastKnownFileType = sourcecode.cpp.cpp; path = compute_asift_matches.cpp; sourceTree = "<group>"; };
		AADCBA511B8175CF004A76CB /* compute_asift_matches.h */ = {isa = PBXFileReference; fileEncoding = 4; lastKnownFileType = sourcecode.c.h; path = compute_asift_matches.h; sourceTree = "<group>"; };
		AADCBA521B8175CF004A76CB /* demo_ASIFT.cpp */ = {isa = PBXFileReference; fileEncoding = 4; lastKnownFileType = sourcecode.cpp.cpp; path = demo_ASIFT.cpp; sourceTree = "<group>"; };
		AADCBA531B8175CF004A76CB /* demo_lib_sift.cpp */ = {isa = PBXFileReference; fileEncoding = 4; lastKnownFileType = sourcecode.cpp.cpp; path = demo_lib_sift.cpp; sourceTree = "<group>"; };
		AADCBA541B8175CF004A76CB /* demo_lib_sift.h */ = {isa = PBXFileReference; fileEncoding = 4; lastKnownFileType = sourcecode.c.h; path = demo_lib_sift.h; sourceTree = "<group>"; };
/* End PBXFileReference section */

/* Begin PBXFrameworksBuildPhase section */
		AADCBA401B8174DA004A76CB /* Frameworks */ = {
			isa = PBXFrameworksBuildPhase;
			buildActionMask = 2147483647;
			files = (
			);
			runOnlyForDeploymentPostprocessing = 0;
		};
/* End PBXFrameworksBuildPhase section */

/* Begin PBXGroup section */
		AADCBA3A1B8174DA004A76CB = {
			isa = PBXGroup;
			children = (
				AADCBA451B8174DA004A76CB /* ASIFT */,
				AADCBA441B8174DA004A76CB /* Products */,
			);
			sourceTree = "<group>";
		};
		AADCBA441B8174DA004A76CB /* Products */ = {
			isa = PBXGroup;
			children = (
				AADCBA431B8174DA004A76CB /* ASIFT */,
			);
			name = Products;
			sourceTree = "<group>";
		};
		AADCBA451B8174DA004A76CB /* ASIFT */ = {
			isa = PBXGroup;
			children = (
				AADCBA4E1B8175CF004A76CB /* compute_asift_keypoints.cpp */,
				AADCBA4F1B8175CF004A76CB /* compute_asift_keypoints.h */,
				AADCBA501B8175CF004A76CB /* compute_asift_matches.cpp */,
				AADCBA511B8175CF004A76CB /* compute_asift_matches.h */,
				AADCBA521B8175CF004A76CB /* demo_ASIFT.cpp */,
				AADCBA531B8175CF004A76CB /* demo_lib_sift.cpp */,
				AADCBA541B8175CF004A76CB /* demo_lib_sift.h */,
			);
			path = ASIFT;
			sourceTree = "<group>";
		};
/* End PBXGroup section */

/* Begin PBXNativeTarget section */
		AADCBA421B8174DA004A76CB /* ASIFT */ = {
			isa = PBXNativeTarget;
			buildConfigurationList = AADCBA4A1B8174DA004A76CB /* Build configuration list for PBXNativeTarget "ASIFT" */;
			buildPhases = (
				AADCBA3F1B8174DA004A76CB /* Sources */,
				AADCBA401B8174DA004A76CB /* Frameworks */,
				AADCBA411B8174DA004A76CB /* CopyFiles */,
			);
			buildRules = (
			);
			dependencies = (
			);
			name = ASIFT;
			productName = ASIFT;
			productReference = AADCBA431B8174DA004A76CB /* ASIFT */;
			productType = "com.apple.product-type.tool";
		};
/* End PBXNativeTarget section */

/* Begin PBXProject section */
		AADCBA3B1B8174DA004A76CB /* Project object */ = {
			isa = PBXProject;
			attributes = {
				LastUpgradeCheck = 0640;
				ORGANIZATIONNAME = WangFei;
				TargetAttributes = {
					AADCBA421B8174DA004A76CB = {
						CreatedOnToolsVersion = 6.4;
					};
				};
			};
			buildConfigurationList = AADCBA3E1B8174DA004A76CB /* Build configuration list for PBXProject "ASIFT" */;
			compatibilityVersion = "Xcode 3.2";
			developmentRegion = English;
			hasScannedForEncodings = 0;
			knownRegions = (
				en,
			);
			mainGroup = AADCBA3A1B8174DA004A76CB;
			productRefGroup = AADCBA441B8174DA004A76CB /* Products */;
			projectDirPath = "";
			projectRoot = "";
			targets = (
				AADCBA421B8174DA004A76CB /* ASIFT */,
			);
		};
/* End PBXProject section */

/* Begin PBXSourcesBuildPhase section */
		AADCBA3F1B8174DA004A76CB /* Sources */ = {
			isa = PBXSourcesBuildPhase;
			buildActionMask = 2147483647;
			files = (
				AADCBA551B8175CF004A76CB /* compute_asift_keypoints.cpp in Sources */,
				AADCBA571B8175CF004A76CB /* demo_ASIFT.cpp in Sources */,
				AADCBA581B8175CF004A76CB /* demo_lib_sift.cpp in Sources */,
				AADCBA561B8175CF004A76CB /* compute_asift_matches.cpp in Sources */,
			);
			runOnlyForDeploymentPostprocessing = 0;
		};
/* End PBXSourcesBuildPhase section */

/* Begin XCBuildConfiguration section */
		AADCBA481B8174DA004A76CB /* Debug */ = {
			isa = XCBuildConfiguration;
			buildSettings = {
				ALWAYS_SEARCH_USER_PATHS = NO;
				CLANG_CXX_LANGUAGE_STANDARD = "gnu++0x";
				CLANG_CXX_LIBRARY = "libc++";
				CLANG_ENABLE_MODULES = YES;
				CLANG_ENABLE_OBJC_ARC = YES;
				CLANG_WARN_BOOL_CONVERSION = YES;
				CLANG_WARN_CONSTANT_CONVERSION = YES;
				CLANG_WARN_DIRECT_OBJC_ISA_USAGE = YES_ERROR;
				CLANG_WARN_EMPTY_BODY = YES;
				CLANG_WARN_ENUM_CONVERSION = YES;
				CLANG_WARN_INT_CONVERSION = YES;
				CLANG_WARN_OBJC_ROOT_CLASS = YES_ERROR;
				CLANG_WARN_UNREACHABLE_CODE = YES;
				CLANG_WARN__DUPLICATE_METHOD_MATCH = YES;
				COPY_PHASE_STRIP = NO;
				DEBUG_INFORMATION_FORMAT = dwarf;
				ENABLE_STRICT_OBJC_MSGSEND = YES;
				GCC_C_LANGUAGE_STANDARD = gnu99;
				GCC_DYNAMIC_NO_PIC = NO;
				GCC_NO_COMMON_BLOCKS = YES;
				GCC_OPTIMIZATION_LEVEL = 0;
				GCC_PREPROCESSOR_DEFINITIONS = (
					"DEBUG=1",
					"$(inherited)",
				);
				GCC_SYMBOLS_PRIVATE_EXTERN = NO;
				GCC_WARN_64_TO_32_BIT_CONVERSION = YES;
				GCC_WARN_ABOUT_RETURN_TYPE = YES_ERROR;
				GCC_WARN_UNDECLARED_SELECTOR = YES;
				GCC_WARN_UNINITIALIZED_AUTOS = YES_AGGRESSIVE;
				GCC_WARN_UNUSED_FUNCTION = YES;
				GCC_WARN_UNUSED_VARIABLE = YES;
				MACOSX_DEPLOYMENT_TARGET = 10.10;
				MTL_ENABLE_DEBUG_INFO = YES;
				ONLY_ACTIVE_ARCH = YES;
				SDKROOT = macosx;
			};
			name = Debug;
		};
		AADCBA491B8174DA004A76CB /* Release */ = {
			isa = XCBuildConfiguration;
			buildSettings = {
				ALWAYS_SEARCH_USER_PATHS = NO;
				CLANG_CXX_LANGUAGE_STANDARD = "gnu++0x";
				CLANG_CXX_LIBRARY = "libc++";
				CLANG_ENABLE_MODULES = YES;
				CLANG_ENABLE_OBJC_ARC = YES;
				CLANG_WARN_BOOL_CONVERSION = YES;
				CLANG_WARN_CONSTANT_CONVERSION = YES;
				CLANG_WARN_DIRECT_OBJC_ISA_USAGE = YES_ERROR;
				CLANG_WARN_EMPTY_BODY = YES;
				CLANG_WARN_ENUM_CONVERSION = YES;
				CLANG_WARN_INT_CONVERSION = YES;
				CLANG_WARN_OBJC_ROOT_CLASS = YES_ERROR;
				CLANG_WARN_UNREACHABLE_CODE = YES;
				CLANG_WARN__DUPLICATE_METHOD_MATCH = YES;
				COPY_PHASE_STRIP = NO;
				DEBUG_INFORMATION_FORMAT = "dwarf-with-dsym";
				ENABLE_NS_ASSERTIONS = NO;
				ENABLE_STRICT_OBJC_MSGSEND = YES;
				GCC_C_LANGUAGE_STANDARD = gnu99;
				GCC_NO_COMMON_BLOCKS = YES;
				GCC_WARN_64_TO_32_BIT_CONVERSION = YES;
				GCC_WARN_ABOUT_RETURN_TYPE = YES_ERROR;
				GCC_WARN_UNDECLARED_SELECTOR = YES;
				GCC_WARN_UNINITIALIZED_AUTOS = YES_AGGRESSIVE;
				GCC_WARN_UNUSED_FUNCTION = YES;
				GCC_WARN_UNUSED_VARIABLE = YES;
				MACOSX_DEPLOYMENT_TARGET = 10.10;
				MTL_ENABLE_DEBUG_INFO = NO;
				SDKROOT = macosx;
			};
			name = Release;
		};
		AADCBA4B1B8174DA004A76CB /* Debug */ = {
			isa = XCBuildConfiguration;
			buildSettings = {
				PRODUCT_NAME = "$(TARGET_NAME)";
			};
			name = Debug;
		};
		AADCBA4C1B8174DA004A76CB /* Release */ = {
			isa = XCBuildConfiguration;
			buildSettings = {
				PRODUCT_NAME = "$(TARGET_NAME)";
			};
			name = Release;
		};
/* End XCBuildConfiguration section */

/* Begin XCConfigurationList section */
		AADCBA3E1B8174DA004A76CB /* Build configuration list for PBXProject "ASIFT" */ = {
			isa = XCConfigurationList;
			buildConfigurations = (
				AADCBA481B8174DA004A76CB /* Debug */,
				AADCBA491B8174DA004A76CB /* Release */,
			);
			defaultConfigurationIsVisible = 0;
			defaultConfigurationName = Release;
		};
		AADCBA4A1B8174DA004A76CB /* Build configuration list for PBXNativeTarget "ASIFT" */ = {
			isa = XCConfigurationList;
			buildConfigurations = (
				AADCBA4B1B8174DA004A76CB /* Debug */,
				AADCBA4C1B8174DA004A76CB /* Release */,
			);
			defaultConfigurationIsVisible = 0;
		};
/* End XCConfigurationList section */
	};
	rootObject = AADCBA3B1B8174DA004A76CB /* Project object */;
}
